
Microsoft Visual Studio Solution File, Format Version 12.00
# Visual Studio Version 16
VisualStudioVersion = 16.0.30524.135
MinimumVisualStudioVersion = 10.0.40219.1
Project("{FAE04EC0-301F-11D3-BF4B-00C04F79EFBC}") = "AweBlazorUI", "AweBlazorUI\AweBlazorUI.csproj", "{8D509D58-AD81-4E35-885F-49F04397B130}"
EndProject
Global
	GlobalSection(SolutionConfigurationPlatforms) = preSolution
		Debug|Any CPU = Debug|Any CPU
		Release|Any CPU = Release|Any CPU
	EndGlobalSection
	GlobalSection(ProjectConfigurationPlatforms) = postSolution
		{8D509D58-AD81-4E35-885F-49F04397B130}.Debug|Any CPU.ActiveCfg = Debug|Any CPU
		{8D509D58-AD81-4E35-885F-49F04397B130}.Debug|Any CPU.Build.0 = Debug|Any CPU
		{8D509D58-AD81-4E35-885F-49F04397B130}.Release|Any CPU.ActiveCfg = Release|Any CPU
		{8D509D58-AD81-4E35-885F-49F04397B130}.Release|Any CPU.Build.0 = Release|Any CPU
	EndGlobalSection
	GlobalSection(SolutionProperties) = preSolution
		HideSolutionNode = FALSE
	EndGlobalSection
	GlobalSection(ExtensibilityGlobals) = postSolution
		SolutionGuid = {028BA0A9-05FC-49E4-9B43-5658D35ABBD4}
	EndGlobalSection
EndGlobal
